{
  "name": "Event-Management-Platform",
  "lockfileVersion": 3,
  "requires": true,
  "packages": {
    "": {
      "devDependencies": {
        "@ljharb/tsconfig": "^0.3.2"
      }
    },
    "node_modules/@ljharb/tsconfig": {
      "version": "0.3.2",
      "resolved": "https://registry.npmjs.org/@ljharb/tsconfig/-/tsconfig-0.3.2.tgz",
      "integrity": "sha512-eAl8JEVuTikzBOgymq/ndBPOH5hThMLlryKoH3O4evzNHO9VfxKF6f81gxWyCadO6zKKkXO0IVOh+nvYB0aTZQ==",
      "dev": true,
      "license": "MIT",
      "engines": {
        "node": ">= 0.4"
      }
    }
  }
}
